# This file was autogenerated by Stack.
# You should not edit this file by hand.
# For more information, please see the documentation at:
#   https://docs.haskellstack.org/en/stable/lock_files

packages:
- completed:
    commit: 6f634f6c1ecb2b4173dbe4f46d269ee612c68840
    git: https://github.com/TomMD/cipher-aes128.git
    name: cipher-aes128
    pantry-tree:
      sha256: 5bbac7c6721847b0b7459f430b4ca487ad86c1dc0f4b0e4967c035ccaf7e3830
      size: 1557
    version: 0.7.0.6
  original:
    commit: 6f634f6c1ecb2b4173dbe4f46d269ee612c68840
    git: https://github.com/TomMD/cipher-aes128.git
- completed:
    hackage: DRBG-0.5.5@sha256:3b8040bed356e2b63927a27fb6d5adbd19d70c9e1d1bb66111bbeb33e56900eb,2259
    pantry-tree:
      sha256: 586ee2257b255cb7f2a3663711199f9de9e70445ce7cb192f5af07dd66eadac2
      size: 896
  original:
    hackage: DRBG-0.5.5
- completed:
    commit: 166b0d27d79e732731a54c7ec8e27e8f939cb6f5
    git: https://github.com/prolic/secp256k1-schnorr.git
    name: secp256k1-schnorr
    pantry-tree:
      sha256: 83cbd019d4a3411110a493a030e5c9f1132934545f6ebec15f0e8768603b3cca
      size: 773
    version: 0.0.1
  original:
    commit: 166b0d27d79e732731a54c7ec8e27e8f939cb6f5
    git: https://github.com/prolic/secp256k1-schnorr.git
snapshots:
- completed:
    sha256: bd34dcded0f9d502275871b7bcd9bbe356bf060276bc6b62fb9e8a225589c74c
    size: 639151
    url: https://raw.githubusercontent.com/commercialhaskell/stackage-snapshots/master/lts/21/2.yaml
  original:
    url: https://raw.githubusercontent.com/commercialhaskell/stackage-snapshots/master/lts/21/2.yaml
