# This file was autogenerated by Stack.
# You should not edit this file by hand.
# For more information, please see the documentation at:
#   https://docs.haskellstack.org/en/stable/lock_files

packages:
- completed:
    commit: a5eabfd0d6601135a18a334ffdea8ccc6ba68a11
    git: https://github.com/AutonomousOrganization/beam
    name: beam-core
    pantry-tree:
      sha256: cb1ab85a80a5b3c7f5464abee020481b916bafef828d3c05f5ab4e39b5a5870a
      size: 2705
    subdir: beam-core
    version: 0.10.1.0
  original:
    commit: a5eabfd0d6601135a18a334ffdea8ccc6ba68a11
    git: https://github.com/AutonomousOrganization/beam
    subdir: beam-core
- completed:
    commit: a5eabfd0d6601135a18a334ffdea8ccc6ba68a11
    git: https://github.com/AutonomousOrganization/beam
    name: beam-sqlite
    pantry-tree:
      sha256: d8bcf283107e01832d237208c9bc5910da12b607f376761e5ea2ab616f4927ff
      size: 1229
    subdir: beam-sqlite
    version: 0.5.3.0
  original:
    commit: a5eabfd0d6601135a18a334ffdea8ccc6ba68a11
    git: https://github.com/AutonomousOrganization/beam
    subdir: beam-sqlite
- completed:
    commit: a5eabfd0d6601135a18a334ffdea8ccc6ba68a11
    git: https://github.com/AutonomousOrganization/beam
    name: beam-migrate
    pantry-tree:
      sha256: e5d4ae4a22d124524d20c84d628633a052d71668c7b217e86527d696a43d9bc9
      size: 1826
    subdir: beam-migrate
    version: 0.5.2.1
  original:
    commit: a5eabfd0d6601135a18a334ffdea8ccc6ba68a11
    git: https://github.com/AutonomousOrganization/beam
    subdir: beam-migrate
- completed:
    commit: 6f634f6c1ecb2b4173dbe4f46d269ee612c68840
    git: https://github.com/TomMD/cipher-aes128.git
    name: cipher-aes128
    pantry-tree:
      sha256: 5bbac7c6721847b0b7459f430b4ca487ad86c1dc0f4b0e4967c035ccaf7e3830
      size: 1557
    version: 0.7.0.6
  original:
    commit: 6f634f6c1ecb2b4173dbe4f46d269ee612c68840
    git: https://github.com/TomMD/cipher-aes128.git
- completed:
    commit: 166b0d27d79e732731a54c7ec8e27e8f939cb6f5
    git: https://github.com/prolic/secp256k1-schnorr.git
    name: secp256k1-schnorr
    pantry-tree:
      sha256: 83cbd019d4a3411110a493a030e5c9f1132934545f6ebec15f0e8768603b3cca
      size: 773
    version: 0.0.1
  original:
    commit: 166b0d27d79e732731a54c7ec8e27e8f939cb6f5
    git: https://github.com/prolic/secp256k1-schnorr.git
- completed:
    hackage: DRBG-0.5.5@sha256:3b8040bed356e2b63927a27fb6d5adbd19d70c9e1d1bb66111bbeb33e56900eb,2259
    pantry-tree:
      sha256: 586ee2257b255cb7f2a3663711199f9de9e70445ce7cb192f5af07dd66eadac2
      size: 896
  original:
    hackage: DRBG-0.5.5
- completed:
    hackage: vector-sized-1.5.0@sha256:900bfb7b358b2f40ae817d2f04e320db800d255d179b2bd3e07b44d6343093f5,1835
    pantry-tree:
      sha256: 1d103d1a4595f6acfeb7dd5930e1da330e9084be1c5ca93e48b387ca6cdf580a
      size: 1302
  original:
    hackage: vector-sized-1.5.0
snapshots:
- completed:
    sha256: bd34dcded0f9d502275871b7bcd9bbe356bf060276bc6b62fb9e8a225589c74c
    size: 639151
    url: https://raw.githubusercontent.com/commercialhaskell/stackage-snapshots/master/lts/21/2.yaml
  original:
    url: https://raw.githubusercontent.com/commercialhaskell/stackage-snapshots/master/lts/21/2.yaml
